
Microsoft Visual Studio Solution File, Format Version 10.00
# Visual Studio 2008
Project("{8BC9CEB8-8B4A-11D0-8D11-00A0C91BC942}") = "MidiPedal", "MidiPedal.vcproj", "{4ED274DA-7240-44DD-819A-0392F94CA2DE}"
EndProject
Global
	GlobalSection(SolutionConfigurationPlatforms) = preSolution
		Debug|Win32 = Debug|Win32
		Release|Win32 = Release|Win32
	EndGlobalSection
	GlobalSection(ProjectConfigurationPlatforms) = postSolution
		{4ED274DA-7240-44DD-819A-0392F94CA2DE}.Debug|Win32.ActiveCfg = Debug|Win32
		{4ED274DA-7240-44DD-819A-0392F94CA2DE}.Debug|Win32.Build.0 = Debug|Win32
		{4ED274DA-7240-44DD-819A-0392F94CA2DE}.Release|Win32.ActiveCfg = Release|Win32
		{4ED274DA-7240-44DD-819A-0392F94CA2DE}.Release|Win32.Build.0 = Release|Win32
	EndGlobalSection
	GlobalSection(SolutionProperties) = preSolution
		HideSolutionNode = FALSE
	EndGlobalSection
EndGlobal
